
Microsoft Visual Studio Solution File, Format Version 12.00
# Visual Studio Version 17
VisualStudioVersion = 17.3.32922.545
MinimumVisualStudioVersion = 10.0.40219.1
Project("{9A19103F-16F7-4668-BE54-9A1E7A4F7556}") = "WebApiProject", "WebApiProject.csproj", "{4EF5E6B4-412C-4B91-8222-1E5927F41A9B}"
EndProject
Global
	GlobalSection(SolutionConfigurationPlatforms) = preSolution
		Debug|Any CPU = Debug|Any CPU
		Release|Any CPU = Release|Any CPU
	EndGlobalSection
	GlobalSection(ProjectConfigurationPlatforms) = postSolution
		{4EF5E6B4-412C-4B91-8222-1E5927F41A9B}.Debug|Any CPU.ActiveCfg = Debug|Any CPU
		{4EF5E6B4-412C-4B91-8222-1E5927F41A9B}.Debug|Any CPU.Build.0 = Debug|Any CPU
		{4EF5E6B4-412C-4B91-8222-1E5927F41A9B}.Release|Any CPU.ActiveCfg = Release|Any CPU
		{4EF5E6B4-412C-4B91-8222-1E5927F41A9B}.Release|Any CPU.Build.0 = Release|Any CPU
	EndGlobalSection
	GlobalSection(SolutionProperties) = preSolution
		HideSolutionNode = FALSE
	EndGlobalSection
	GlobalSection(ExtensibilityGlobals) = postSolution
		SolutionGuid = {2CA8B0D4-FEC8-4CA4-BD97-A60CF23B8E81}
	EndGlobalSection
EndGlobal
